%{
  "amnesia": {:git, "https://github.com/noizu/amnesia.git", "9266002467face51b956a0c5f27954b145c0fb9d", [ref: "9266002"]},
  "certifi": {:hex, :certifi, "2.5.1", "867ce347f7c7d78563450a18a6a28a8090331e77fa02380b4a21962a65d36ee5", [:rebar3], [{:parse_trans, "~>3.3", [hex: :parse_trans, repo: "hexpm", optional: false]}], "hexpm", "805abd97539caf89ec6d4732c91e62ba9da0cda51ac462380bbd28ee697a8c42"},
  "combine": {:hex, :combine, "0.10.0", "eff8224eeb56498a2af13011d142c5e7997a80c8f5b97c499f84c841032e429f", [:mix], [], "hexpm", "1b1dbc1790073076580d0d1d64e42eae2366583e7aecd455d1215b0d16f2451b"},
  "earmark": {:hex, :earmark, "1.2.4", "99b637c62a4d65a20a9fb674b8cffb8baa771c04605a80c911c4418c69b75439", [:mix], [], "hexpm", "1b34655872366414f69dd987cb121c049f76984b6ac69f52fff6d8fd64d29cfd"},
  "ex_doc": {:hex, :ex_doc, "0.16.4", "4bf6b82d4f0a643b500366ed7134896e8cccdbab4d1a7a35524951b25b1ec9f0", [:mix], [{:earmark, "~> 1.1", [hex: :earmark, repo: "hexpm", optional: false]}], "hexpm", "90e39c592b4952d35eb122b70d656a8b2ffa248d7b0fa428b314ce2176c69861"},
  "exquisite": {:git, "https://github.com/noizu/exquisite.git", "7a4a03d2eb8c311d0eaaff991e3f2c007530bbf7", [ref: "7a4a03d"]},
  "fastglobal": {:hex, :fastglobal, "1.0.0", "f3133a0cda8e9408aac7281ec579c4b4a8386ce0e99ca55f746b9f58192f455b", [:mix], [], "hexpm", "cfdb7ed63910bc75f579cd09e2517618fa9418b56731d51d03f7ba4b400798d0"},
  "gettext": {:hex, :gettext, "0.17.1", "8baab33482df4907b3eae22f719da492cee3981a26e649b9c2be1c0192616962", [:mix], [], "hexpm", "f7d97341e536f95b96eef2988d6d4230f7262cf239cda0e2e63123ee0b717222"},
  "hackney": {:hex, :hackney, "1.15.2", "07e33c794f8f8964ee86cebec1a8ed88db5070e52e904b8f12209773c1036085", [:rebar3], [{:certifi, "2.5.1", [hex: :certifi, repo: "hexpm", optional: false]}, {:idna, "6.0.0", [hex: :idna, repo: "hexpm", optional: false]}, {:metrics, "1.0.1", [hex: :metrics, repo: "hexpm", optional: false]}, {:mimerl, "~>1.1", [hex: :mimerl, repo: "hexpm", optional: false]}, {:ssl_verify_fun, "1.1.5", [hex: :ssl_verify_fun, repo: "hexpm", optional: false]}], "hexpm", "e0100f8ef7d1124222c11ad362c857d3df7cb5f4204054f9f0f4a728666591fc"},
  "hoedown": {:git, "https://github.com/hoedown/hoedown.git", "980b9c549b4348d50b683ecee6abee470b98acda", []},
  "httpoison": {:hex, :httpoison, "1.4.0", "e0b3c2ad6fa573134e42194d13e925acfa8f89d138bc621ffb7b1989e6d22e73", [:mix], [{:hackney, "~> 1.8", [hex: :hackney, repo: "hexpm", optional: false]}], "hexpm", "37b6f39cb92136ee72276f4bf4da81495e7935d720c3a15daf1553953153e3f7"},
  "idna": {:hex, :idna, "6.0.0", "689c46cbcdf3524c44d5f3dde8001f364cd7608a99556d8fbd8239a5798d4c10", [:rebar3], [{:unicode_util_compat, "0.4.1", [hex: :unicode_util_compat, repo: "hexpm", optional: false]}], "hexpm", "4bdd305eb64e18b0273864920695cb18d7a2021f31a11b9c5fbcd9a253f936e2"},
  "jason": {:hex, :jason, "1.2.2", "ba43e3f2709fd1aa1dce90aaabfd039d000469c05c56f0b8e31978e03fa39052", [:mix], [{:decimal, "~> 1.0 or ~> 2.0", [hex: :decimal, repo: "hexpm", optional: true]}], "hexpm", "18a228f5f0058ee183f29f9eae0805c6e59d61c3b006760668d8d18ff0d12179"},
  "markdown": {:git, "https://github.com/devinus/markdown.git", "d065dbcc4e242a85ca2516fdadd0082712871fd8", []},
  "meck": {:hex, :meck, "0.8.13", "ffedb39f99b0b99703b8601c6f17c7f76313ee12de6b646e671e3188401f7866", [:rebar3], [], "hexpm", "d34f013c156db51ad57cc556891b9720e6a1c1df5fe2e15af999c84d6cebeb1a"},
  "metrics": {:hex, :metrics, "1.0.1", "25f094dea2cda98213cecc3aeff09e940299d950904393b2a29d191c346a8486", [:rebar3], [], "hexpm", "69b09adddc4f74a40716ae54d140f93beb0fb8978d8636eaded0c31b6f099f16"},
  "mime": {:hex, :mime, "1.2.0", "78adaa84832b3680de06f88f0997e3ead3b451a440d183d688085be2d709b534", [:mix], [], "hexpm", "b24d1d704209b760aeac161255c8031c5160de1a5cb7dd28bb84ef5bda2ba29e"},
  "mimerl": {:hex, :mimerl, "1.2.0", "67e2d3f571088d5cfd3e550c383094b47159f3eee8ffa08e64106cdf5e981be3", [:rebar3], [], "hexpm", "f278585650aa581986264638ebf698f8bb19df297f66ad91b18910dfc6e19323"},
  "mock": {:hex, :mock, "0.3.3", "42a433794b1291a9cf1525c6d26b38e039e0d3a360732b5e467bfc77ef26c914", [:mix], [{:meck, "~> 0.8.13", [hex: :meck, repo: "hexpm", optional: false]}], "hexpm", "a280d1f7b6f4bbcbd9282616e57502721781c66ee5b540720efabeaf627cc7eb"},
  "noizu_core": {:git, "https://github.com/noizu/ElixirCore.git", "c079cb2b7740559a5da7d4123fbba321d348cd01", [tag: "1.0.7"]},
  "noizu_mnesia_versioning": {:git, "https://github.com/noizu/MnesiaVersioning.git", "c295e3465801974c9ec4bb6d2769a1b551832370", [tag: "0.1.9"]},
  "noizu_rule_engine": {:git, "https://github.com/noizu/RuleEngine.git", "ccfd9f3451cc975d3e76a8f28b7e16165c21c45a", [tag: "0.2.0"]},
  "noizu_scaffolding": {:git, "https://github.com/noizu/ElixirScaffolding.git", "04291b98528160c2cd4b913beef99f7beb2136fe", [tag: "1.1.43"]},
  "noizu_simple_pool": {:git, "https://github.com/noizu/SimplePool.git", "81571977a48eac51c67a87038547f83c7f390e5f", [tag: "2.0.8"]},
  "parse_trans": {:hex, :parse_trans, "3.3.0", "09765507a3c7590a784615cfd421d101aec25098d50b89d7aa1d66646bc571c1", [:rebar3], [], "hexpm", "17ef63abde837ad30680ea7f857dd9e7ced9476cdd7b0394432af4bfc241b960"},
  "phoenix": {:hex, :phoenix, "1.3.1", "dc9fb380bd9afd002882c960aa066098d44bdb93094cf09db38173b933e462b6", [:mix], [{:cowboy, "~> 1.0", [hex: :cowboy, repo: "hexpm", optional: true]}, {:phoenix_pubsub, "~> 1.0", [hex: :phoenix_pubsub, repo: "hexpm", optional: false]}, {:plug, "~> 1.3.3 or ~> 1.4", [hex: :plug, repo: "hexpm", optional: false]}, {:poison, "~> 2.2 or ~> 3.0", [hex: :poison, repo: "hexpm", optional: false]}], "hexpm", "652b61213dbe010d0eddf44554b3731379d8cb46f68b4d4c32836858329d2895"},
  "phoenix_html": {:hex, :phoenix_html, "2.10.5", "4f9df6b0fb7422a9440a73182a566cb9cbe0e3ffe8884ef9337ccf284fc1ef0a", [:mix], [{:plug, "~> 1.0", [hex: :plug, repo: "hexpm", optional: false]}], "hexpm", "4f38ec3263ceb746f0ee7c4955dcdae05497750d795160d87fb45e458981a696"},
  "phoenix_pubsub": {:hex, :phoenix_pubsub, "1.0.2", "bfa7fd52788b5eaa09cb51ff9fcad1d9edfeb68251add458523f839392f034c1", [:mix], [], "hexpm", "6f9193364c5de86b85e8d3a80294a134aecf6c5618adcbae668608749e00a7f7"},
  "plug": {:hex, :plug, "1.4.5", "7b13869283fff6b8b21b84b8735326cc012c5eef8607095dc6ee24bd0a273d8e", [:mix], [{:cowboy, "~> 1.0.1 or ~> 1.1", [hex: :cowboy, repo: "hexpm", optional: true]}, {:mime, "~> 1.0", [hex: :mime, repo: "hexpm", optional: false]}], "hexpm", "bec828b8a7d31a6bbcbad4fdb6881834d76f9a0f41ebbdb0c4b8be94fcde5eb8"},
  "poison": {:hex, :poison, "3.1.0", "d9eb636610e096f86f25d9a46f35a9facac35609a7591b3be3326e99a0484665", [:mix], [], "hexpm", "fec8660eb7733ee4117b85f55799fd3833eb769a6df71ccf8903e8dc5447cfce"},
  "semaphore": {:hex, :semaphore, "1.0.0", "4e0d490d2f0519b513efbc71430a487ee50ab14d4abe1cd1e9b86b0e069a832c", [:mix], [], "hexpm", "97fb14127a3ea31ff11f3b81f9b2af4ff19e457b0e6149f3b3ed64aac5f1cbea"},
  "sendgrid": {:git, "https://github.com/Noizu/sendgrid_elixir.git", "52d6d174d6255ea35083c4d69781287019a2c784", [branch: "master"]},
  "ssl_verify_fun": {:hex, :ssl_verify_fun, "1.1.5", "6eaf7ad16cb568bb01753dbbd7a95ff8b91c7979482b95f38443fe2c8852a79b", [:make, :mix, :rebar3], [], "hexpm", "13104d7897e38ed7f044c4de953a6c28597d1c952075eb2e328bc6d6f2bfc496"},
  "tesla": {:hex, :tesla, "1.4.1", "ff855f1cac121e0d16281b49e8f066c4a0d89965f98864515713878cca849ac8", [:mix], [{:castore, "~> 0.1", [hex: :castore, repo: "hexpm", optional: true]}, {:exjsx, ">= 3.0.0", [hex: :exjsx, repo: "hexpm", optional: true]}, {:finch, "~> 0.3", [hex: :finch, repo: "hexpm", optional: true]}, {:fuse, "~> 2.4", [hex: :fuse, repo: "hexpm", optional: true]}, {:gun, "~> 1.3", [hex: :gun, repo: "hexpm", optional: true]}, {:hackney, "~> 1.6", [hex: :hackney, repo: "hexpm", optional: true]}, {:ibrowse, "~> 4.4.0", [hex: :ibrowse, repo: "hexpm", optional: true]}, {:jason, ">= 1.0.0", [hex: :jason, repo: "hexpm", optional: true]}, {:mime, "~> 1.0", [hex: :mime, repo: "hexpm", optional: false]}, {:mint, "~> 1.0", [hex: :mint, repo: "hexpm", optional: true]}, {:poison, ">= 1.0.0", [hex: :poison, repo: "hexpm", optional: true]}, {:telemetry, "~> 0.4", [hex: :telemetry, repo: "hexpm", optional: true]}], "hexpm", "95f5de35922c8c4b3945bee7406f66eb680b0955232f78f5fb7e853aa1ce201a"},
  "timex": {:git, "https://github.com/noizu/timex.git", "7e3c8872a96f433dc72c23291f58ab77875ad7b9", [ref: "7e3c887"]},
  "tzdata": {:git, "https://github.com/noizu/tzdata.git", "8cfb3160f8698b1f9dc75b4e6aa2879b1a6b777d", [tag: "opt_exp"]},
  "unicode_util_compat": {:hex, :unicode_util_compat, "0.4.1", "d869e4c68901dd9531385bb0c8c40444ebf624e60b6962d95952775cac5e90cd", [:rebar3], [], "hexpm", "1d1848c40487cdb0b30e8ed975e34e025860c02e419cb615d255849f3427439d"},
  "uuid": {:hex, :uuid, "1.1.8", "e22fc04499de0de3ed1116b770c7737779f226ceefa0badb3592e64d5cfb4eb9", [:mix], [], "hexpm", "c790593b4c3b601f5dc2378baae7efaf5b3d73c4c6456ba85759905be792f2ac"},
}
